
Microsoft Visual Studio Solution File, Format Version 12.00
# Visual Studio Version 16
VisualStudioVersion = 16.0.30523.141
MinimumVisualStudioVersion = 10.0.40219.1
Project("{FAE04EC0-301F-11D3-BF4B-00C04F79EFBC}") = "HELLOWORLD", "HELLOWORLD\HELLOWORLD.csproj", "{8F54FFFF-C79A-4810-9033-737D734902A9}"
EndProject
Global
	GlobalSection(SolutionConfigurationPlatforms) = preSolution
		Debug|Any CPU = Debug|Any CPU
		Release|Any CPU = Release|Any CPU
	EndGlobalSection
	GlobalSection(ProjectConfigurationPlatforms) = postSolution
		{8F54FFFF-C79A-4810-9033-737D734902A9}.Debug|Any CPU.ActiveCfg = Debug|Any CPU
		{8F54FFFF-C79A-4810-9033-737D734902A9}.Debug|Any CPU.Build.0 = Debug|Any CPU
		{8F54FFFF-C79A-4810-9033-737D734902A9}.Release|Any CPU.ActiveCfg = Release|Any CPU
		{8F54FFFF-C79A-4810-9033-737D734902A9}.Release|Any CPU.Build.0 = Release|Any CPU
	EndGlobalSection
	GlobalSection(SolutionProperties) = preSolution
		HideSolutionNode = FALSE
	EndGlobalSection
	GlobalSection(ExtensibilityGlobals) = postSolution
		SolutionGuid = {576D474B-A65E-4154-925D-1CE7F174BD04}
	EndGlobalSection
EndGlobal
